// !$*UTF8*$!
{
	archiveVersion = 1;
	classes = {
	};
	objectVersion = 46;
	objects = {

/* Begin PBXBuildFile section */
		A1EF205D1CE7152100FF1278 /* AppDelegate.swift in Sources */ = {isa = PBXBuildFile; fileRef = A1EF205C1CE7152100FF1278 /* AppDelegate.swift */; };
		A1EF205F1CE7152100FF1278 /* ViewController.swift in Sources */ = {isa = PBXBuildFile; fileRef = A1EF205E1CE7152100FF1278 /* ViewController.swift */; };
		A1EF20621CE7152100FF1278 /* Main.storyboard in Resources */ = {isa = PBXBuildFile; fileRef = A1EF20601CE7152100FF1278 /* Main.storyboard */; };
		A1EF20641CE7152100FF1278 /* Assets.xcassets in Resources */ = {isa = PBXBuildFile; fileRef = A1EF20631CE7152100FF1278 /* Assets.xcassets */; };
		A1EF20671CE7152100FF1278 /* LaunchScreen.storyboard in Resources */ = {isa = PBXBuildFile; fileRef = A1EF20651CE7152100FF1278 /* LaunchScreen.storyboard */; };
		A1EF20711CE7156E00FF1278 /* Instrumental.mp3 in Resources */ = {isa = PBXBuildFile; fileRef = A1EF206E1CE7156E00FF1278 /* Instrumental.mp3 */; };
		A1EF20721CE7156E00FF1278 /* Jazz.mp3 in Resources */ = {isa = PBXBuildFile; fileRef = A1EF206F1CE7156E00FF1278 /* Jazz.mp3 */; };
		A1EF20731CE7156E00FF1278 /* Myst.mp3 in Resources */ = {isa = PBXBuildFile; fileRef = A1EF20701CE7156E00FF1278 /* Myst.mp3 */; };
		A1EF20751CE718BB00FF1278 /* PlayScreen.swift in Sources */ = {isa = PBXBuildFile; fileRef = A1EF20741CE718BB00FF1278 /* PlayScreen.swift */; };
		A1EF20771CE71BA000FF1278 /* myst_cover.jpg in Resources */ = {isa = PBXBuildFile; fileRef = A1EF20761CE71BA000FF1278 /* myst_cover.jpg */; };
		A1EF20791CE71BC900FF1278 /* sunset_cover.jpg in Resources */ = {isa = PBXBuildFile; fileRef = A1EF20781CE71BC900FF1278 /* sunset_cover.jpg */; };
		A1EF207B1CE71C4700FF1278 /* jazz_cover.jpg in Resources */ = {isa = PBXBuildFile; fileRef = A1EF207A1CE71C4700FF1278 /* jazz_cover.jpg */; };
		A1EF207D1CE71C7700FF1278 /* Player.swift in Sources */ = {isa = PBXBuildFile; fileRef = A1EF207C1CE71C7700FF1278 /* Player.swift */; };
		A1EF20841CEA718D00FF1278 /* phantom.mp3 in Resources */ = {isa = PBXBuildFile; fileRef = A1EF20821CEA718D00FF1278 /* phantom.mp3 */; };
		A1EF20851CEA718D00FF1278 /* mygirl_temptations.mp3 in Resources */ = {isa = PBXBuildFile; fileRef = A1EF20831CEA718D00FF1278 /* mygirl_temptations.mp3 */; };
		A1EF20871CEA725800FF1278 /* temptations.png in Resources */ = {isa = PBXBuildFile; fileRef = A1EF20861CEA725800FF1278 /* temptations.png */; };
		A1EF20891CEA72FA00FF1278 /* phantom.jpg in Resources */ = {isa = PBXBuildFile; fileRef = A1EF20881CEA72FA00FF1278 /* phantom.jpg */; };
/* End PBXBuildFile section */

/* Begin PBXFileReference section */
		A1EF20591CE7152100FF1278 /* musicplayer.app */ = {isa = PBXFileReference; explicitFileType = wrapper.application; includeInIndex = 0; path = musicplayer.app; sourceTree = BUILT_PRODUCTS_DIR; };
		A1EF205C1CE7152100FF1278 /* AppDelegate.swift */ = {isa = PBXFileReference; lastKnownFileType = sourcecode.swift; path = AppDelegate.swift; sourceTree = "<group>"; };
		A1EF205E1CE7152100FF1278 /* ViewController.swift */ = {isa = PBXFileReference; lastKnownFileType = sourcecode.swift; path = ViewController.swift; sourceTree = "<group>"; };
		A1EF20611CE7152100FF1278 /* Base */ = {isa = PBXFileReference; lastKnownFileType = file.storyboard; name = Base; path = Base.lproj/Main.storyboard; sourceTree = "<group>"; };
		A1EF20631CE7152100FF1278 /* Assets.xcassets */ = {isa = PBXFileReference; lastKnownFileType = folder.assetcatalog; path = Assets.xcassets; sourceTree = "<group>"; };
		A1EF20661CE7152100FF1278 /* Base */ = {isa = PBXFileReference; lastKnownFileType = file.storyboard; name = Base; path = Base.lproj/LaunchScreen.storyboard; sourceTree = "<group>"; };
		A1EF20681CE7152100FF1278 /* Info.plist */ = {isa = PBXFileReference; lastKnownFileType = text.plist.xml; path = Info.plist; sourceTree = "<group>"; };
		A1EF206E1CE7156E00FF1278 /* Instrumental.mp3 */ = {isa = PBXFileReference; lastKnownFileType = audio.mp3; path = Instrumental.mp3; sourceTree = "<group>"; };
		A1EF206F1CE7156E00FF1278 /* Jazz.mp3 */ = {isa = PBXFileReference; lastKnownFileType = audio.mp3; path = Jazz.mp3; sourceTree = "<group>"; };
		A1EF20701CE7156E00FF1278 /* Myst.mp3 */ = {isa = PBXFileReference; lastKnownFileType = audio.mp3; path = Myst.mp3; sourceTree = "<group>"; };
		A1EF20741CE718BB00FF1278 /* PlayScreen.swift */ = {isa = PBXFileReference; fileEncoding = 4; lastKnownFileType = sourcecode.swift; path = PlayScreen.swift; sourceTree = "<group>"; };
		A1EF20761CE71BA000FF1278 /* myst_cover.jpg */ = {isa = PBXFileReference; lastKnownFileType = image.jpeg; path = myst_cover.jpg; sourceTree = "<group>"; };
		A1EF20781CE71BC900FF1278 /* sunset_cover.jpg */ = {isa = PBXFileReference; lastKnownFileType = image.jpeg; path = sunset_cover.jpg; sourceTree = "<group>"; };
		A1EF207A1CE71C4700FF1278 /* jazz_cover.jpg */ = {isa = PBXFileReference; lastKnownFileType = image.jpeg; path = jazz_cover.jpg; sourceTree = "<group>"; };
		A1EF207C1CE71C7700FF1278 /* Player.swift */ = {isa = PBXFileReference; fileEncoding = 4; lastKnownFileType = sourcecode.swift; path = Player.swift; sourceTree = "<group>"; };
		A1EF20821CEA718D00FF1278 /* phantom.mp3 */ = {isa = PBXFileReference; lastKnownFileType = audio.mp3; path = phantom.mp3; sourceTree = "<group>"; };
		A1EF20831CEA718D00FF1278 /* mygirl_temptations.mp3 */ = {isa = PBXFileReference; lastKnownFileType = audio.mp3; path = mygirl_temptations.mp3; sourceTree = "<group>"; };
		A1EF20861CEA725800FF1278 /* temptations.png */ = {isa = PBXFileReference; lastKnownFileType = image.png; path = temptations.png; sourceTree = "<group>"; };
		A1EF20881CEA72FA00FF1278 /* phantom.jpg */ = {isa = PBXFileReference; lastKnownFileType = image.jpeg; path = phantom.jpg; sourceTree = "<group>"; };
/* End PBXFileReference section */

/* Begin PBXFrameworksBuildPhase section */
		A1EF20561CE7152100FF1278 /* Frameworks */ = {
			isa = PBXFrameworksBuildPhase;
			buildActionMask = 2147483647;
			files = (
			);
			runOnlyForDeploymentPostprocessing = 0;
		};
/* End PBXFrameworksBuildPhase section */

/* Begin PBXGroup section */
		A1EF20501CE7152100FF1278 = {
			isa = PBXGroup;
			children = (
				A1EF205B1CE7152100FF1278 /* musicplayer */,
				A1EF205A1CE7152100FF1278 /* Products */,
			);
			sourceTree = "<group>";
		};
		A1EF205A1CE7152100FF1278 /* Products */ = {
			isa = PBXGroup;
			children = (
				A1EF20591CE7152100FF1278 /* musicplayer.app */,
			);
			name = Products;
			sourceTree = "<group>";
		};
		A1EF205B1CE7152100FF1278 /* musicplayer */ = {
			isa = PBXGroup;
			children = (
				A1EF207A1CE71C4700FF1278 /* jazz_cover.jpg */,
				A1EF20781CE71BC900FF1278 /* sunset_cover.jpg */,
				A1EF20821CEA718D00FF1278 /* phantom.mp3 */,
				A1EF20831CEA718D00FF1278 /* mygirl_temptations.mp3 */,
				A1EF205C1CE7152100FF1278 /* AppDelegate.swift */,
				A1EF205E1CE7152100FF1278 /* ViewController.swift */,
				A1EF20881CEA72FA00FF1278 /* phantom.jpg */,
				A1EF206E1CE7156E00FF1278 /* Instrumental.mp3 */,
				A1EF20861CEA725800FF1278 /* temptations.png */,
				A1EF206F1CE7156E00FF1278 /* Jazz.mp3 */,
				A1EF20701CE7156E00FF1278 /* Myst.mp3 */,
				A1EF20601CE7152100FF1278 /* Main.storyboard */,
				A1EF20631CE7152100FF1278 /* Assets.xcassets */,
				A1EF20761CE71BA000FF1278 /* myst_cover.jpg */,
				A1EF20651CE7152100FF1278 /* LaunchScreen.storyboard */,
				A1EF20681CE7152100FF1278 /* Info.plist */,
				A1EF20741CE718BB00FF1278 /* PlayScreen.swift */,
				A1EF207C1CE71C7700FF1278 /* Player.swift */,
			);
			path = musicplayer;
			sourceTree = "<group>";
		};
/* End PBXGroup section */

/* Begin PBXNativeTarget section */
		A1EF20581CE7152100FF1278 /* musicplayer */ = {
			isa = PBXNativeTarget;
			buildConfigurationList = A1EF206B1CE7152100FF1278 /* Build configuration list for PBXNativeTarget "musicplayer" */;
			buildPhases = (
				A1EF20551CE7152100FF1278 /* Sources */,
				A1EF20561CE7152100FF1278 /* Frameworks */,
				A1EF20571CE7152100FF1278 /* Resources */,
			);
			buildRules = (
			);
			dependencies = (
			);
			name = musicplayer;
			productName = musicplayer;
			productReference = A1EF20591CE7152100FF1278 /* musicplayer.app */;
			productType = "com.apple.product-type.application";
		};
/* End PBXNativeTarget section */

/* Begin PBXProject section */
		A1EF20511CE7152100FF1278 /* Project object */ = {
			isa = PBXProject;
			attributes = {
				LastSwiftUpdateCheck = 0730;
				LastUpgradeCheck = 0730;
				ORGANIZATIONNAME = "Francisco Manuel Romero";
				TargetAttributes = {
					A1EF20581CE7152100FF1278 = {
						CreatedOnToolsVersion = 7.3;
						DevelopmentTeam = WDZPGENRH8;
					};
				};
			};
			buildConfigurationList = A1EF20541CE7152100FF1278 /* Build configuration list for PBXProject "musicplayer" */;
			compatibilityVersion = "Xcode 3.2";
			developmentRegion = English;
			hasScannedForEncodings = 0;
			knownRegions = (
				en,
				Base,
			);
			mainGroup = A1EF20501CE7152100FF1278;
			productRefGroup = A1EF205A1CE7152100FF1278 /* Products */;
			projectDirPath = "";
			projectRoot = "";
			targets = (
				A1EF20581CE7152100FF1278 /* musicplayer */,
			);
		};
/* End PBXProject section */

/* Begin PBXResourcesBuildPhase section */
		A1EF20571CE7152100FF1278 /* Resources */ = {
			isa = PBXResourcesBuildPhase;
			buildActionMask = 2147483647;
			files = (
				A1EF20731CE7156E00FF1278 /* Myst.mp3 in Resources */,
				A1EF20771CE71BA000FF1278 /* myst_cover.jpg in Resources */,
				A1EF20891CEA72FA00FF1278 /* phantom.jpg in Resources */,
				A1EF20851CEA718D00FF1278 /* mygirl_temptations.mp3 in Resources */,
				A1EF20671CE7152100FF1278 /* LaunchScreen.storyboard in Resources */,
				A1EF20641CE7152100FF1278 /* Assets.xcassets in Resources */,
				A1EF207B1CE71C4700FF1278 /* jazz_cover.jpg in Resources */,
				A1EF20871CEA725800FF1278 /* temptations.png in Resources */,
				A1EF20621CE7152100FF1278 /* Main.storyboard in Resources */,
				A1EF20711CE7156E00FF1278 /* Instrumental.mp3 in Resources */,
				A1EF20721CE7156E00FF1278 /* Jazz.mp3 in Resources */,
				A1EF20841CEA718D00FF1278 /* phantom.mp3 in Resources */,
				A1EF20791CE71BC900FF1278 /* sunset_cover.jpg in Resources */,
			);
			runOnlyForDeploymentPostprocessing = 0;
		};
/* End PBXResourcesBuildPhase section */

/* Begin PBXSourcesBuildPhase section */
		A1EF20551CE7152100FF1278 /* Sources */ = {
			isa = PBXSourcesBuildPhase;
			buildActionMask = 2147483647;
			files = (
				A1EF207D1CE71C7700FF1278 /* Player.swift in Sources */,
				A1EF20751CE718BB00FF1278 /* PlayScreen.swift in Sources */,
				A1EF205F1CE7152100FF1278 /* ViewController.swift in Sources */,
				A1EF205D1CE7152100FF1278 /* AppDelegate.swift in Sources */,
			);
			runOnlyForDeploymentPostprocessing = 0;
		};
/* End PBXSourcesBuildPhase section */

/* Begin PBXVariantGroup section */
		A1EF20601CE7152100FF1278 /* Main.storyboard */ = {
			isa = PBXVariantGroup;
			children = (
				A1EF20611CE7152100FF1278 /* Base */,
			);
			name = Main.storyboard;
			sourceTree = "<group>";
		};
		A1EF20651CE7152100FF1278 /* LaunchScreen.storyboard */ = {
			isa = PBXVariantGroup;
			children = (
				A1EF20661CE7152100FF1278 /* Base */,
			);
			name = LaunchScreen.storyboard;
			sourceTree = "<group>";
		};
/* End PBXVariantGroup section */

/* Begin XCBuildConfiguration section */
		A1EF20691CE7152100FF1278 /* Debug */ = {
			isa = XCBuildConfiguration;
			buildSettings = {
				ALWAYS_SEARCH_USER_PATHS = NO;
				CLANG_ANALYZER_NONNULL = YES;
				CLANG_CXX_LANGUAGE_STANDARD = "gnu++0x";
				CLANG_CXX_LIBRARY = "libc++";
				CLANG_ENABLE_MODULES = YES;
				CLANG_ENABLE_OBJC_ARC = YES;
				CLANG_WARN_BOOL_CONVERSION = YES;
				CLANG_WARN_CONSTANT_CONVERSION = YES;
				CLANG_WARN_DIRECT_OBJC_ISA_USAGE = YES_ERROR;
				CLANG_WARN_EMPTY_BODY = YES;
				CLANG_WARN_ENUM_CONVERSION = YES;
				CLANG_WARN_INT_CONVERSION = YES;
				CLANG_WARN_OBJC_ROOT_CLASS = YES_ERROR;
				CLANG_WARN_UNREACHABLE_CODE = YES;
				CLANG_WARN__DUPLICATE_METHOD_MATCH = YES;
				"CODE_SIGN_IDENTITY[sdk=iphoneos*]" = "iPhone Developer";
				COPY_PHASE_STRIP = NO;
				DEBUG_INFORMATION_FORMAT = dwarf;
				ENABLE_STRICT_OBJC_MSGSEND = YES;
				ENABLE_TESTABILITY = YES;
				GCC_C_LANGUAGE_STANDARD = gnu99;
				GCC_DYNAMIC_NO_PIC = NO;
				GCC_NO_COMMON_BLOCKS = YES;
				GCC_OPTIMIZATION_LEVEL = 0;
				GCC_PREPROCESSOR_DEFINITIONS = (
					"DEBUG=1",
					"$(inherited)",
				);
				GCC_WARN_64_TO_32_BIT_CONVERSION = YES;
				GCC_WARN_ABOUT_RETURN_TYPE = YES_ERROR;
				GCC_WARN_UNDECLARED_SELECTOR = YES;
				GCC_WARN_UNINITIALIZED_AUTOS = YES_AGGRESSIVE;
				GCC_WARN_UNUSED_FUNCTION = YES;
				GCC_WARN_UNUSED_VARIABLE = YES;
				IPHONEOS_DEPLOYMENT_TARGET = 9.3;
				MTL_ENABLE_DEBUG_INFO = YES;
				ONLY_ACTIVE_ARCH = YES;
				SDKROOT = iphoneos;
				SWIFT_OPTIMIZATION_LEVEL = "-Onone";
				TARGETED_DEVICE_FAMILY = "1,2";
			};
			name = Debug;
		};
		A1EF206A1CE7152100FF1278 /* Release */ = {
			isa = XCBuildConfiguration;
			buildSettings = {
				ALWAYS_SEARCH_USER_PATHS = NO;
				CLANG_ANALYZER_NONNULL = YES;
				CLANG_CXX_LANGUAGE_STANDARD = "gnu++0x";
				CLANG_CXX_LIBRARY = "libc++";
				CLANG_ENABLE_MODULES = YES;
				CLANG_ENABLE_OBJC_ARC = YES;
				CLANG_WARN_BOOL_CONVERSION = YES;
				CLANG_WARN_CONSTANT_CONVERSION = YES;
				CLANG_WARN_DIRECT_OBJC_ISA_USAGE = YES_ERROR;
				CLANG_WARN_EMPTY_BODY = YES;
				CLANG_WARN_ENUM_CONVERSION = YES;
				CLANG_WARN_INT_CONVERSION = YES;
				CLANG_WARN_OBJC_ROOT_CLASS = YES_ERROR;
				CLANG_WARN_UNREACHABLE_CODE = YES;
				CLANG_WARN__DUPLICATE_METHOD_MATCH = YES;
				"CODE_SIGN_IDENTITY[sdk=iphoneos*]" = "iPhone Developer";
				COPY_PHASE_STRIP = NO;
				DEBUG_INFORMATION_FORMAT = "dwarf-with-dsym";
				ENABLE_NS_ASSERTIONS = NO;
				ENABLE_STRICT_OBJC_MSGSEND = YES;
				GCC_C_LANGUAGE_STANDARD = gnu99;
				GCC_NO_COMMON_BLOCKS = YES;
				GCC_WARN_64_TO_32_BIT_CONVERSION = YES;
				GCC_WARN_ABOUT_RETURN_TYPE = YES_ERROR;
				GCC_WARN_UNDECLARED_SELECTOR = YES;
				GCC_WARN_UNINITIALIZED_AUTOS = YES_AGGRESSIVE;
				GCC_WARN_UNUSED_FUNCTION = YES;
				GCC_WARN_UNUSED_VARIABLE = YES;
				IPHONEOS_DEPLOYMENT_TARGET = 9.3;
				MTL_ENABLE_DEBUG_INFO = NO;
				SDKROOT = iphoneos;
				TARGETED_DEVICE_FAMILY = "1,2";
				VALIDATE_PRODUCT = YES;
			};
			name = Release;
		};
		A1EF206C1CE7152100FF1278 /* Debug */ = {
			isa = XCBuildConfiguration;
			buildSettings = {
				ASSETCATALOG_COMPILER_APPICON_NAME = AppIcon;
				INFOPLIST_FILE = musicplayer/Info.plist;
				LD_RUNPATH_SEARCH_PATHS = "$(inherited) @executable_path/Frameworks";
				PRODUCT_BUNDLE_IDENTIFIER = com.xurelo.musicplayer;
				PRODUCT_NAME = "$(TARGET_NAME)";
			};
			name = Debug;
		};
		A1EF206D1CE7152100FF1278 /* Release */ = {
			isa = XCBuildConfiguration;
			buildSettings = {
				ASSETCATALOG_COMPILER_APPICON_NAME = AppIcon;
				INFOPLIST_FILE = musicplayer/Info.plist;
				LD_RUNPATH_SEARCH_PATHS = "$(inherited) @executable_path/Frameworks";
				PRODUCT_BUNDLE_IDENTIFIER = com.xurelo.musicplayer;
				PRODUCT_NAME = "$(TARGET_NAME)";
			};
			name = Release;
		};
/* End XCBuildConfiguration section */

/* Begin XCConfigurationList section */
		A1EF20541CE7152100FF1278 /* Build configuration list for PBXProject "musicplayer" */ = {
			isa = XCConfigurationList;
			buildConfigurations = (
				A1EF20691CE7152100FF1278 /* Debug */,
				A1EF206A1CE7152100FF1278 /* Release */,
			);
			defaultConfigurationIsVisible = 0;
			defaultConfigurationName = Release;
		};
		A1EF206B1CE7152100FF1278 /* Build configuration list for PBXNativeTarget "musicplayer" */ = {
			isa = XCConfigurationList;
			buildConfigurations = (
				A1EF206C1CE7152100FF1278 /* Debug */,
				A1EF206D1CE7152100FF1278 /* Release */,
			);
			defaultConfigurationIsVisible = 0;
		};
/* End XCConfigurationList section */
	};
	rootObject = A1EF20511CE7152100FF1278 /* Project object */;
}
